// !$*UTF8*$!
{
	archiveVersion = 1;
	classes = {
	};
	objectVersion = 46;
	objects = {

/* Begin PBXBuildFile section */
		8DCB2E1C1D976ECD00082EA8 /* main.cpp in Sources */ = {isa = PBXBuildFile; fileRef = 8DCB2E1B1D976ECD00082EA8 /* main.cpp */; };
		8DCB2E351D9B1F3A00082EA8 /* Student.cpp in Sources */ = {isa = PBXBuildFile; fileRef = 8DCB2E2E1D9B1F3A00082EA8 /* Student.cpp */; };
		8DCB2E371D9B1F3A00082EA8 /* Date.cpp in Sources */ = {isa = PBXBuildFile; fileRef = 8DCB2E311D9B1F3A00082EA8 /* Date.cpp */; };
		8DCB2E381D9B1F3A00082EA8 /* UtilitiesClass.cpp in Sources */ = {isa = PBXBuildFile; fileRef = 8DCB2E331D9B1F3A00082EA8 /* UtilitiesClass.cpp */; };
/* End PBXBuildFile section */

/* Begin PBXCopyFilesBuildPhase section */
		8DCB2E161D976ECD00082EA8 /* CopyFiles */ = {
			isa = PBXCopyFilesBuildPhase;
			buildActionMask = 2147483647;
			dstPath = /usr/share/man/man1/;
			dstSubfolderSpec = 0;
			files = (
			);
			runOnlyForDeploymentPostprocessing = 1;
		};
/* End PBXCopyFilesBuildPhase section */

/* Begin PBXFileReference section */
		8DCB2E181D976ECD00082EA8 /* testch13 */ = {isa = PBXFileReference; explicitFileType = "compiled.mach-o.executable"; includeInIndex = 0; path = testch13; sourceTree = BUILT_PRODUCTS_DIR; };
		8DCB2E1B1D976ECD00082EA8 /* main.cpp */ = {isa = PBXFileReference; lastKnownFileType = sourcecode.cpp.cpp; path = main.cpp; sourceTree = "<group>"; };
		8DCB2E2E1D9B1F3A00082EA8 /* Student.cpp */ = {isa = PBXFileReference; fileEncoding = 4; lastKnownFileType = sourcecode.cpp.cpp; path = Student.cpp; sourceTree = "<group>"; };
		8DCB2E2F1D9B1F3A00082EA8 /* Student.hpp */ = {isa = PBXFileReference; fileEncoding = 4; lastKnownFileType = sourcecode.cpp.h; path = Student.hpp; sourceTree = "<group>"; };
		8DCB2E311D9B1F3A00082EA8 /* Date.cpp */ = {isa = PBXFileReference; fileEncoding = 4; lastKnownFileType = sourcecode.cpp.cpp; path = Date.cpp; sourceTree = "<group>"; };
		8DCB2E321D9B1F3A00082EA8 /* Date.hpp */ = {isa = PBXFileReference; fileEncoding = 4; lastKnownFileType = sourcecode.cpp.h; path = Date.hpp; sourceTree = "<group>"; };
		8DCB2E331D9B1F3A00082EA8 /* UtilitiesClass.cpp */ = {isa = PBXFileReference; fileEncoding = 4; lastKnownFileType = sourcecode.cpp.cpp; path = UtilitiesClass.cpp; sourceTree = "<group>"; };
		8DCB2E341D9B1F3A00082EA8 /* UtilitiesClass.hpp */ = {isa = PBXFileReference; fileEncoding = 4; lastKnownFileType = sourcecode.cpp.h; path = UtilitiesClass.hpp; sourceTree = "<group>"; };
/* End PBXFileReference section */

/* Begin PBXFrameworksBuildPhase section */
		8DCB2E151D976ECD00082EA8 /* Frameworks */ = {
			isa = PBXFrameworksBuildPhase;
			buildActionMask = 2147483647;
			files = (
			);
			runOnlyForDeploymentPostprocessing = 0;
		};
/* End PBXFrameworksBuildPhase section */

/* Begin PBXGroup section */
		8DCB2E0F1D976ECD00082EA8 = {
			isa = PBXGroup;
			children = (
				8DCB2E1A1D976ECD00082EA8 /* testch13 */,
				8DCB2E191D976ECD00082EA8 /* Products */,
			);
			sourceTree = "<group>";
		};
		8DCB2E191D976ECD00082EA8 /* Products */ = {
			isa = PBXGroup;
			children = (
				8DCB2E181D976ECD00082EA8 /* testch13 */,
			);
			name = Products;
			sourceTree = "<group>";
		};
		8DCB2E1A1D976ECD00082EA8 /* testch13 */ = {
			isa = PBXGroup;
			children = (
				8DCB2E2E1D9B1F3A00082EA8 /* Student.cpp */,
				8DCB2E2F1D9B1F3A00082EA8 /* Student.hpp */,
				8DCB2E311D9B1F3A00082EA8 /* Date.cpp */,
				8DCB2E321D9B1F3A00082EA8 /* Date.hpp */,
				8DCB2E331D9B1F3A00082EA8 /* UtilitiesClass.cpp */,
				8DCB2E341D9B1F3A00082EA8 /* UtilitiesClass.hpp */,
				8DCB2E1B1D976ECD00082EA8 /* main.cpp */,
			);
			path = testch13;
			sourceTree = "<group>";
		};
/* End PBXGroup section */

/* Begin PBXNativeTarget section */
		8DCB2E171D976ECD00082EA8 /* testch13 */ = {
			isa = PBXNativeTarget;
			buildConfigurationList = 8DCB2E1F1D976ECD00082EA8 /* Build configuration list for PBXNativeTarget "testch13" */;
			buildPhases = (
				8DCB2E141D976ECD00082EA8 /* Sources */,
				8DCB2E151D976ECD00082EA8 /* Frameworks */,
				8DCB2E161D976ECD00082EA8 /* CopyFiles */,
			);
			buildRules = (
			);
			dependencies = (
			);
			name = testch13;
			productName = testch13;
			productReference = 8DCB2E181D976ECD00082EA8 /* testch13 */;
			productType = "com.apple.product-type.tool";
		};
/* End PBXNativeTarget section */

/* Begin PBXProject section */
		8DCB2E101D976ECD00082EA8 /* Project object */ = {
			isa = PBXProject;
			attributes = {
				LastUpgradeCheck = 0730;
				ORGANIZATIONNAME = "Shannon Smith";
				TargetAttributes = {
					8DCB2E171D976ECD00082EA8 = {
						CreatedOnToolsVersion = 7.3.1;
					};
				};
			};
			buildConfigurationList = 8DCB2E131D976ECD00082EA8 /* Build configuration list for PBXProject "testch13" */;
			compatibilityVersion = "Xcode 3.2";
			developmentRegion = English;
			hasScannedForEncodings = 0;
			knownRegions = (
				en,
			);
			mainGroup = 8DCB2E0F1D976ECD00082EA8;
			productRefGroup = 8DCB2E191D976ECD00082EA8 /* Products */;
			projectDirPath = "";
			projectRoot = "";
			targets = (
				8DCB2E171D976ECD00082EA8 /* testch13 */,
			);
		};
/* End PBXProject section */

/* Begin PBXSourcesBuildPhase section */
		8DCB2E141D976ECD00082EA8 /* Sources */ = {
			isa = PBXSourcesBuildPhase;
			buildActionMask = 2147483647;
			files = (
				8DCB2E351D9B1F3A00082EA8 /* Student.cpp in Sources */,
				8DCB2E1C1D976ECD00082EA8 /* main.cpp in Sources */,
				8DCB2E381D9B1F3A00082EA8 /* UtilitiesClass.cpp in Sources */,
				8DCB2E371D9B1F3A00082EA8 /* Date.cpp in Sources */,
			);
			runOnlyForDeploymentPostprocessing = 0;
		};
/* End PBXSourcesBuildPhase section */

/* Begin XCBuildConfiguration section */
		8DCB2E1D1D976ECD00082EA8 /* Debug */ = {
			isa = XCBuildConfiguration;
			buildSettings = {
				ALWAYS_SEARCH_USER_PATHS = NO;
				CLANG_ANALYZER_NONNULL = YES;
				CLANG_CXX_LANGUAGE_STANDARD = "gnu++0x";
				CLANG_CXX_LIBRARY = "libc++";
				CLANG_ENABLE_MODULES = YES;
				CLANG_ENABLE_OBJC_ARC = YES;
				CLANG_WARN_BOOL_CONVERSION = YES;
				CLANG_WARN_CONSTANT_CONVERSION = YES;
				CLANG_WARN_DIRECT_OBJC_ISA_USAGE = YES_ERROR;
				CLANG_WARN_EMPTY_BODY = YES;
				CLANG_WARN_ENUM_CONVERSION = YES;
				CLANG_WARN_INT_CONVERSION = YES;
				CLANG_WARN_OBJC_ROOT_CLASS = YES_ERROR;
				CLANG_WARN_UNREACHABLE_CODE = YES;
				CLANG_WARN__DUPLICATE_METHOD_MATCH = YES;
				CODE_SIGN_IDENTITY = "-";
				COPY_PHASE_STRIP = NO;
				DEBUG_INFORMATION_FORMAT = dwarf;
				ENABLE_STRICT_OBJC_MSGSEND = YES;
				ENABLE_TESTABILITY = YES;
				GCC_C_LANGUAGE_STANDARD = gnu99;
				GCC_DYNAMIC_NO_PIC = NO;
				GCC_NO_COMMON_BLOCKS = YES;
				GCC_OPTIMIZATION_LEVEL = 0;
				GCC_PREPROCESSOR_DEFINITIONS = (
					"DEBUG=1",
					"$(inherited)",
				);
				GCC_WARN_64_TO_32_BIT_CONVERSION = YES;
				GCC_WARN_ABOUT_RETURN_TYPE = YES_ERROR;
				GCC_WARN_UNDECLARED_SELECTOR = YES;
				GCC_WARN_UNINITIALIZED_AUTOS = YES_AGGRESSIVE;
				GCC_WARN_UNUSED_FUNCTION = YES;
				GCC_WARN_UNUSED_VARIABLE = YES;
				MACOSX_DEPLOYMENT_TARGET = 10.12;
				MTL_ENABLE_DEBUG_INFO = YES;
				ONLY_ACTIVE_ARCH = YES;
				SDKROOT = macosx;
			};
			name = Debug;
		};
		8DCB2E1E1D976ECD00082EA8 /* Release */ = {
			isa = XCBuildConfiguration;
			buildSettings = {
				ALWAYS_SEARCH_USER_PATHS = NO;
				CLANG_ANALYZER_NONNULL = YES;
				CLANG_CXX_LANGUAGE_STANDARD = "gnu++0x";
				CLANG_CXX_LIBRARY = "libc++";
				CLANG_ENABLE_MODULES = YES;
				CLANG_ENABLE_OBJC_ARC = YES;
				CLANG_WARN_BOOL_CONVERSION = YES;
				CLANG_WARN_CONSTANT_CONVERSION = YES;
				CLANG_WARN_DIRECT_OBJC_ISA_USAGE = YES_ERROR;
				CLANG_WARN_EMPTY_BODY = YES;
				CLANG_WARN_ENUM_CONVERSION = YES;
				CLANG_WARN_INT_CONVERSION = YES;
				CLANG_WARN_OBJC_ROOT_CLASS = YES_ERROR;
				CLANG_WARN_UNREACHABLE_CODE = YES;
				CLANG_WARN__DUPLICATE_METHOD_MATCH = YES;
				CODE_SIGN_IDENTITY = "-";
				COPY_PHASE_STRIP = NO;
				DEBUG_INFORMATION_FORMAT = "dwarf-with-dsym";
				ENABLE_NS_ASSERTIONS = NO;
				ENABLE_STRICT_OBJC_MSGSEND = YES;
				GCC_C_LANGUAGE_STANDARD = gnu99;
				GCC_NO_COMMON_BLOCKS = YES;
				GCC_WARN_64_TO_32_BIT_CONVERSION = YES;
				GCC_WARN_ABOUT_RETURN_TYPE = YES_ERROR;
				GCC_WARN_UNDECLARED_SELECTOR = YES;
				GCC_WARN_UNINITIALIZED_AUTOS = YES_AGGRESSIVE;
				GCC_WARN_UNUSED_FUNCTION = YES;
				GCC_WARN_UNUSED_VARIABLE = YES;
				MACOSX_DEPLOYMENT_TARGET = 10.12;
				MTL_ENABLE_DEBUG_INFO = NO;
				SDKROOT = macosx;
			};
			name = Release;
		};
		8DCB2E201D976ECD00082EA8 /* Debug */ = {
			isa = XCBuildConfiguration;
			buildSettings = {
				MACOSX_DEPLOYMENT_TARGET = 10.11;
				PRODUCT_NAME = "$(TARGET_NAME)";
			};
			name = Debug;
		};
		8DCB2E211D976ECD00082EA8 /* Release */ = {
			isa = XCBuildConfiguration;
			buildSettings = {
				MACOSX_DEPLOYMENT_TARGET = 10.11;
				PRODUCT_NAME = "$(TARGET_NAME)";
			};
			name = Release;
		};
/* End XCBuildConfiguration section */

/* Begin XCConfigurationList section */
		8DCB2E131D976ECD00082EA8 /* Build configuration list for PBXProject "testch13" */ = {
			isa = XCConfigurationList;
			buildConfigurations = (
				8DCB2E1D1D976ECD00082EA8 /* Debug */,
				8DCB2E1E1D976ECD00082EA8 /* Release */,
			);
			defaultConfigurationIsVisible = 0;
			defaultConfigurationName = Release;
		};
		8DCB2E1F1D976ECD00082EA8 /* Build configuration list for PBXNativeTarget "testch13" */ = {
			isa = XCConfigurationList;
			buildConfigurations = (
				8DCB2E201D976ECD00082EA8 /* Debug */,
				8DCB2E211D976ECD00082EA8 /* Release */,
			);
			defaultConfigurationIsVisible = 0;
		};
/* End XCConfigurationList section */
	};
	rootObject = 8DCB2E101D976ECD00082EA8 /* Project object */;
}
